
Microsoft Visual Studio Solution File, Format Version 12.00
# Visual Studio 15
VisualStudioVersion = 15.0.28307.705
MinimumVisualStudioVersion = 10.0.40219.1
Project("{FAE04EC0-301F-11D3-BF4B-00C04F79EFBC}") = "WebApi", "WebApi\WebApi.csproj", "{37BB75FC-D55F-4C70-8F3A-966CBD6E5B52}"
EndProject
Project("{FAE04EC0-301F-11D3-BF4B-00C04F79EFBC}") = "WebClient", "WebClient\WebClient.csproj", "{1BCC6EBC-491A-4518-8462-E452313F37A9}"
EndProject
Global
	GlobalSection(SolutionConfigurationPlatforms) = preSolution
		Debug|Any CPU = Debug|Any CPU
		Release|Any CPU = Release|Any CPU
	EndGlobalSection
	GlobalSection(ProjectConfigurationPlatforms) = postSolution
		{37BB75FC-D55F-4C70-8F3A-966CBD6E5B52}.Debug|Any CPU.ActiveCfg = Debug|Any CPU
		{37BB75FC-D55F-4C70-8F3A-966CBD6E5B52}.Debug|Any CPU.Build.0 = Debug|Any CPU
		{37BB75FC-D55F-4C70-8F3A-966CBD6E5B52}.Release|Any CPU.ActiveCfg = Release|Any CPU
		{37BB75FC-D55F-4C70-8F3A-966CBD6E5B52}.Release|Any CPU.Build.0 = Release|Any CPU
		{1BCC6EBC-491A-4518-8462-E452313F37A9}.Debug|Any CPU.ActiveCfg = Debug|Any CPU
		{1BCC6EBC-491A-4518-8462-E452313F37A9}.Debug|Any CPU.Build.0 = Debug|Any CPU
		{1BCC6EBC-491A-4518-8462-E452313F37A9}.Release|Any CPU.ActiveCfg = Release|Any CPU
		{1BCC6EBC-491A-4518-8462-E452313F37A9}.Release|Any CPU.Build.0 = Release|Any CPU
	EndGlobalSection
	GlobalSection(SolutionProperties) = preSolution
		HideSolutionNode = FALSE
	EndGlobalSection
	GlobalSection(ExtensibilityGlobals) = postSolution
		SolutionGuid = {B5604181-2891-4499-9135-B6C800A067ED}
	EndGlobalSection
EndGlobal
